
Microsoft Visual Studio Solution File, Format Version 12.00
# Visual Studio 15
VisualStudioVersion = 15.0.26124.0
MinimumVisualStudioVersion = 15.0.26124.0
Project("{FAE04EC0-301F-11D3-BF4B-00C04F79EFBC}") = "QuickBuy.Dominio", "QuickBuy.Dominio\QuickBuy.Dominio.csproj", "{6DB05DFE-EB24-4438-B878-15D9A9F21AD5}"
EndProject
Project("{FAE04EC0-301F-11D3-BF4B-00C04F79EFBC}") = "QuickBuy.Web", "QuickBuy.Web\QuickBuy.Web.csproj", "{5FB87052-B034-49A7-9618-7DAE3DF340FF}"
EndProject
Project("{FAE04EC0-301F-11D3-BF4B-00C04F79EFBC}") = "QuickBuy.Repositorio", "QuickBuy.Repositorio\QuickBuy.Repositorio.csproj", "{0A61F7F9-3B55-43BF-9770-79C1AE45D80D}"
EndProject
Global
	GlobalSection(SolutionConfigurationPlatforms) = preSolution
		Debug|Any CPU = Debug|Any CPU
		Debug|x64 = Debug|x64
		Debug|x86 = Debug|x86
		Release|Any CPU = Release|Any CPU
		Release|x64 = Release|x64
		Release|x86 = Release|x86
	EndGlobalSection
	GlobalSection(SolutionProperties) = preSolution
		HideSolutionNode = FALSE
	EndGlobalSection
	GlobalSection(ProjectConfigurationPlatforms) = postSolution
		{6DB05DFE-EB24-4438-B878-15D9A9F21AD5}.Debug|Any CPU.ActiveCfg = Debug|Any CPU
		{6DB05DFE-EB24-4438-B878-15D9A9F21AD5}.Debug|Any CPU.Build.0 = Debug|Any CPU
		{6DB05DFE-EB24-4438-B878-15D9A9F21AD5}.Debug|x64.ActiveCfg = Debug|Any CPU
		{6DB05DFE-EB24-4438-B878-15D9A9F21AD5}.Debug|x64.Build.0 = Debug|Any CPU
		{6DB05DFE-EB24-4438-B878-15D9A9F21AD5}.Debug|x86.ActiveCfg = Debug|Any CPU
		{6DB05DFE-EB24-4438-B878-15D9A9F21AD5}.Debug|x86.Build.0 = Debug|Any CPU
		{6DB05DFE-EB24-4438-B878-15D9A9F21AD5}.Release|Any CPU.ActiveCfg = Release|Any CPU
		{6DB05DFE-EB24-4438-B878-15D9A9F21AD5}.Release|Any CPU.Build.0 = Release|Any CPU
		{6DB05DFE-EB24-4438-B878-15D9A9F21AD5}.Release|x64.ActiveCfg = Release|Any CPU
		{6DB05DFE-EB24-4438-B878-15D9A9F21AD5}.Release|x64.Build.0 = Release|Any CPU
		{6DB05DFE-EB24-4438-B878-15D9A9F21AD5}.Release|x86.ActiveCfg = Release|Any CPU
		{6DB05DFE-EB24-4438-B878-15D9A9F21AD5}.Release|x86.Build.0 = Release|Any CPU
		{5FB87052-B034-49A7-9618-7DAE3DF340FF}.Debug|Any CPU.ActiveCfg = Debug|Any CPU
		{5FB87052-B034-49A7-9618-7DAE3DF340FF}.Debug|Any CPU.Build.0 = Debug|Any CPU
		{5FB87052-B034-49A7-9618-7DAE3DF340FF}.Debug|x64.ActiveCfg = Debug|Any CPU
		{5FB87052-B034-49A7-9618-7DAE3DF340FF}.Debug|x64.Build.0 = Debug|Any CPU
		{5FB87052-B034-49A7-9618-7DAE3DF340FF}.Debug|x86.ActiveCfg = Debug|Any CPU
		{5FB87052-B034-49A7-9618-7DAE3DF340FF}.Debug|x86.Build.0 = Debug|Any CPU
		{5FB87052-B034-49A7-9618-7DAE3DF340FF}.Release|Any CPU.ActiveCfg = Release|Any CPU
		{5FB87052-B034-49A7-9618-7DAE3DF340FF}.Release|Any CPU.Build.0 = Release|Any CPU
		{5FB87052-B034-49A7-9618-7DAE3DF340FF}.Release|x64.ActiveCfg = Release|Any CPU
		{5FB87052-B034-49A7-9618-7DAE3DF340FF}.Release|x64.Build.0 = Release|Any CPU
		{5FB87052-B034-49A7-9618-7DAE3DF340FF}.Release|x86.ActiveCfg = Release|Any CPU
		{5FB87052-B034-49A7-9618-7DAE3DF340FF}.Release|x86.Build.0 = Release|Any CPU
		{0A61F7F9-3B55-43BF-9770-79C1AE45D80D}.Debug|Any CPU.ActiveCfg = Debug|Any CPU
		{0A61F7F9-3B55-43BF-9770-79C1AE45D80D}.Debug|Any CPU.Build.0 = Debug|Any CPU
		{0A61F7F9-3B55-43BF-9770-79C1AE45D80D}.Debug|x64.ActiveCfg = Debug|Any CPU
		{0A61F7F9-3B55-43BF-9770-79C1AE45D80D}.Debug|x64.Build.0 = Debug|Any CPU
		{0A61F7F9-3B55-43BF-9770-79C1AE45D80D}.Debug|x86.ActiveCfg = Debug|Any CPU
		{0A61F7F9-3B55-43BF-9770-79C1AE45D80D}.Debug|x86.Build.0 = Debug|Any CPU
		{0A61F7F9-3B55-43BF-9770-79C1AE45D80D}.Release|Any CPU.ActiveCfg = Release|Any CPU
		{0A61F7F9-3B55-43BF-9770-79C1AE45D80D}.Release|Any CPU.Build.0 = Release|Any CPU
		{0A61F7F9-3B55-43BF-9770-79C1AE45D80D}.Release|x64.ActiveCfg = Release|Any CPU
		{0A61F7F9-3B55-43BF-9770-79C1AE45D80D}.Release|x64.Build.0 = Release|Any CPU
		{0A61F7F9-3B55-43BF-9770-79C1AE45D80D}.Release|x86.ActiveCfg = Release|Any CPU
		{0A61F7F9-3B55-43BF-9770-79C1AE45D80D}.Release|x86.Build.0 = Release|Any CPU
	EndGlobalSection
EndGlobal
